<?xml version="1.0" encoding="utf-8"?>
<Project ToolsVersion="4.0" xmlns="http://schemas.microsoft.com/developer/msbuild/2003">
  <ItemGroup>
    <Filter Include="src">
      <UniqueIdentifier>{93a8ddab-77c9-433b-8c48-0f9e1cdb1735}</UniqueIdentifier>
    </Filter>
    <Filter Include="src\comet">
      <UniqueIdentifier>{5b6909da-c2ba-46f8-9652-6a65d23b98c8}</UniqueIdentifier>
    </Filter>
    <Filter Include="src\core">
      <UniqueIdentifier>{7c3d761b-ef11-4fc9-bbea-b369230be23c}</UniqueIdentifier>
    </Filter>
    <Filter Include="src\core\sys">
      <UniqueIdentifier>{16d16583-1711-4e1b-b097-41ed9dd96494}</UniqueIdentifier>
    </Filter>
    <Filter Include="src\core\sys\windows">
      <UniqueIdentifier>{0c8e1cc8-dc4f-4f7e-b537-e85d92381893}</UniqueIdentifier>
    </Filter>
    <Filter Include="src\core\sys\windows\winrt">
      <UniqueIdentifier>{e3322d26-5a1a-4d98-8cfc-115f8bad8eb2}</UniqueIdentifier>
    </Filter>
  </ItemGroup>
  <ItemGroup>
    <DCompile Include="src\comet\app.d">
      <Filter>src\comet</Filter>
    </DCompile>
    <DCompile Include="src\comet\core.d">
      <Filter>src\comet</Filter>
    </DCompile>
    <DCompile Include="src\comet\utils.d">
      <Filter>src\comet</Filter>
    </DCompile>
    <DCompile Include="src\core\sys\windows\objidlbase.d">
      <Filter>src\core\sys\windows</Filter>
    </DCompile>
    <DCompile Include="src\comet\attributes.d">
      <Filter>src\comet</Filter>
    </DCompile>
    <DCompile Include="src\comet\internal.d">
      <Filter>src\comet</Filter>
    </DCompile>
    <DCompile Include="src\core\sys\windows\winrt\hstring.d">
      <Filter>src\core\sys\windows\winrt</Filter>
    </DCompile>
    <DCompile Include="src\core\sys\windows\winrt\winstring.d">
      <Filter>src\core\sys\windows\winrt</Filter>
    </DCompile>
    <DCompile Include="src\core\sys\windows\winrt\roapi.d">
      <Filter>src\core\sys\windows\winrt</Filter>
    </DCompile>
    <DCompile Include="src\core\sys\windows\winrt\inspectable.d">
      <Filter>src\core\sys\windows\winrt</Filter>
    </DCompile>
    <DCompile Include="src\core\sys\windows\winrt\activation.d">
      <Filter>src\core\sys\windows\winrt</Filter>
    </DCompile>
    <DCompile Include="src\core\sys\windows\winrt\eventtoken.d">
      <Filter>src\core\sys\windows\winrt</Filter>
    </DCompile>
  </ItemGroup>
  <ItemGroup>
    <None Include="README.md" />
  </ItemGroup>
</Project>